
Microsoft Visual Studio Solution File, Format Version 11.00
# Visual Studio 2010
Project("{FAE04EC0-301F-11D3-BF4B-00C04F79EFBC}") = "LearnToProgramAssignments.Tests", "LearnToProgramAssignments.Tests\LearnToProgramAssignments.Tests.csproj", "{8E5BD399-EF42-40A1-9A01-A5FE0201233B}"
EndProject
Project("{FAE04EC0-301F-11D3-BF4B-00C04F79EFBC}") = "Assignment3", "Assignment3\Assignment3.csproj", "{F6E87CB3-1740-4655-877B-85D47264F15D}"
EndProject
Project("{FAE04EC0-301F-11D3-BF4B-00C04F79EFBC}") = "Assignment1", "Assignment1\Assignment1.csproj", "{8E13F3AD-E1C7-474B-9646-9C573449D31F}"
EndProject
Project("{FAE04EC0-301F-11D3-BF4B-00C04F79EFBC}") = "Assignment2", "Assignment2\Assignment2.csproj", "{520D2B1F-FFC6-480E-A4D9-7B58FD0C029A}"
EndProject
Project("{FAE04EC0-301F-11D3-BF4B-00C04F79EFBC}") = "PythonEngine", "PythonEngine\PythonEngine.csproj", "{9C4BABAA-7543-47BB-976D-25920B691E03}"
EndProject
Global
	GlobalSection(SolutionConfigurationPlatforms) = preSolution
		Debug|Any CPU = Debug|Any CPU
		Debug|Mixed Platforms = Debug|Mixed Platforms
		Debug|x86 = Debug|x86
		Release|Any CPU = Release|Any CPU
		Release|Mixed Platforms = Release|Mixed Platforms
		Release|x86 = Release|x86
	EndGlobalSection
	GlobalSection(ProjectConfigurationPlatforms) = postSolution
		{8E5BD399-EF42-40A1-9A01-A5FE0201233B}.Debug|Any CPU.ActiveCfg = Debug|Any CPU
		{8E5BD399-EF42-40A1-9A01-A5FE0201233B}.Debug|Any CPU.Build.0 = Debug|Any CPU
		{8E5BD399-EF42-40A1-9A01-A5FE0201233B}.Debug|Mixed Platforms.ActiveCfg = Debug|Any CPU
		{8E5BD399-EF42-40A1-9A01-A5FE0201233B}.Debug|Mixed Platforms.Build.0 = Debug|Any CPU
		{8E5BD399-EF42-40A1-9A01-A5FE0201233B}.Debug|x86.ActiveCfg = Debug|Any CPU
		{8E5BD399-EF42-40A1-9A01-A5FE0201233B}.Release|Any CPU.ActiveCfg = Release|Any CPU
		{8E5BD399-EF42-40A1-9A01-A5FE0201233B}.Release|Any CPU.Build.0 = Release|Any CPU
		{8E5BD399-EF42-40A1-9A01-A5FE0201233B}.Release|Mixed Platforms.ActiveCfg = Release|Any CPU
		{8E5BD399-EF42-40A1-9A01-A5FE0201233B}.Release|Mixed Platforms.Build.0 = Release|Any CPU
		{8E5BD399-EF42-40A1-9A01-A5FE0201233B}.Release|x86.ActiveCfg = Release|Any CPU
		{F6E87CB3-1740-4655-877B-85D47264F15D}.Debug|Any CPU.ActiveCfg = Debug|Any CPU
		{F6E87CB3-1740-4655-877B-85D47264F15D}.Debug|Any CPU.Build.0 = Debug|Any CPU
		{F6E87CB3-1740-4655-877B-85D47264F15D}.Debug|Mixed Platforms.ActiveCfg = Debug|Any CPU
		{F6E87CB3-1740-4655-877B-85D47264F15D}.Debug|Mixed Platforms.Build.0 = Debug|Any CPU
		{F6E87CB3-1740-4655-877B-85D47264F15D}.Debug|x86.ActiveCfg = Debug|Any CPU
		{F6E87CB3-1740-4655-877B-85D47264F15D}.Release|Any CPU.ActiveCfg = Release|Any CPU
		{F6E87CB3-1740-4655-877B-85D47264F15D}.Release|Any CPU.Build.0 = Release|Any CPU
		{F6E87CB3-1740-4655-877B-85D47264F15D}.Release|Mixed Platforms.ActiveCfg = Release|Any CPU
		{F6E87CB3-1740-4655-877B-85D47264F15D}.Release|Mixed Platforms.Build.0 = Release|Any CPU
		{F6E87CB3-1740-4655-877B-85D47264F15D}.Release|x86.ActiveCfg = Release|Any CPU
		{8E13F3AD-E1C7-474B-9646-9C573449D31F}.Debug|Any CPU.ActiveCfg = Debug|Any CPU
		{8E13F3AD-E1C7-474B-9646-9C573449D31F}.Debug|Any CPU.Build.0 = Debug|Any CPU
		{8E13F3AD-E1C7-474B-9646-9C573449D31F}.Debug|Mixed Platforms.ActiveCfg = Debug|Any CPU
		{8E13F3AD-E1C7-474B-9646-9C573449D31F}.Debug|Mixed Platforms.Build.0 = Debug|Any CPU
		{8E13F3AD-E1C7-474B-9646-9C573449D31F}.Debug|x86.ActiveCfg = Debug|Any CPU
		{8E13F3AD-E1C7-474B-9646-9C573449D31F}.Release|Any CPU.ActiveCfg = Release|Any CPU
		{8E13F3AD-E1C7-474B-9646-9C573449D31F}.Release|Any CPU.Build.0 = Release|Any CPU
		{8E13F3AD-E1C7-474B-9646-9C573449D31F}.Release|Mixed Platforms.ActiveCfg = Release|Any CPU
		{8E13F3AD-E1C7-474B-9646-9C573449D31F}.Release|Mixed Platforms.Build.0 = Release|Any CPU
		{8E13F3AD-E1C7-474B-9646-9C573449D31F}.Release|x86.ActiveCfg = Release|Any CPU
		{520D2B1F-FFC6-480E-A4D9-7B58FD0C029A}.Debug|Any CPU.ActiveCfg = Debug|Any CPU
		{520D2B1F-FFC6-480E-A4D9-7B58FD0C029A}.Debug|Any CPU.Build.0 = Debug|Any CPU
		{520D2B1F-FFC6-480E-A4D9-7B58FD0C029A}.Debug|Mixed Platforms.ActiveCfg = Debug|Any CPU
		{520D2B1F-FFC6-480E-A4D9-7B58FD0C029A}.Debug|Mixed Platforms.Build.0 = Debug|Any CPU
		{520D2B1F-FFC6-480E-A4D9-7B58FD0C029A}.Debug|x86.ActiveCfg = Debug|Any CPU
		{520D2B1F-FFC6-480E-A4D9-7B58FD0C029A}.Release|Any CPU.ActiveCfg = Release|Any CPU
		{520D2B1F-FFC6-480E-A4D9-7B58FD0C029A}.Release|Any CPU.Build.0 = Release|Any CPU
		{520D2B1F-FFC6-480E-A4D9-7B58FD0C029A}.Release|Mixed Platforms.ActiveCfg = Release|Any CPU
		{520D2B1F-FFC6-480E-A4D9-7B58FD0C029A}.Release|Mixed Platforms.Build.0 = Release|Any CPU
		{520D2B1F-FFC6-480E-A4D9-7B58FD0C029A}.Release|x86.ActiveCfg = Release|Any CPU
		{9C4BABAA-7543-47BB-976D-25920B691E03}.Debug|Any CPU.ActiveCfg = Debug|Any CPU
		{9C4BABAA-7543-47BB-976D-25920B691E03}.Debug|Any CPU.Build.0 = Debug|Any CPU
		{9C4BABAA-7543-47BB-976D-25920B691E03}.Debug|Mixed Platforms.ActiveCfg = Debug|Any CPU
		{9C4BABAA-7543-47BB-976D-25920B691E03}.Debug|Mixed Platforms.Build.0 = Debug|Any CPU
		{9C4BABAA-7543-47BB-976D-25920B691E03}.Debug|x86.ActiveCfg = Debug|Any CPU
		{9C4BABAA-7543-47BB-976D-25920B691E03}.Release|Any CPU.ActiveCfg = Release|Any CPU
		{9C4BABAA-7543-47BB-976D-25920B691E03}.Release|Any CPU.Build.0 = Release|Any CPU
		{9C4BABAA-7543-47BB-976D-25920B691E03}.Release|Mixed Platforms.ActiveCfg = Release|Any CPU
		{9C4BABAA-7543-47BB-976D-25920B691E03}.Release|Mixed Platforms.Build.0 = Release|Any CPU
		{9C4BABAA-7543-47BB-976D-25920B691E03}.Release|x86.ActiveCfg = Release|Any CPU
	EndGlobalSection
	GlobalSection(SolutionProperties) = preSolution
		HideSolutionNode = FALSE
	EndGlobalSection
EndGlobal
