
Microsoft Visual Studio Solution File, Format Version 11.00
# Visual Studio 2010
Project("{FAE04EC0-301F-11D3-BF4B-00C04F79EFBC}") = "Assignment1", "Assignment1\Assignment1.csproj", "{E564A979-C0DC-4260-B5A2-6AB934D18A19}"
EndProject
Project("{FAE04EC0-301F-11D3-BF4B-00C04F79EFBC}") = "LearnToProgramAssignments.Tests", "LearnToProgramAssignments.Tests\LearnToProgramAssignments.Tests.csproj", "{8E5BD399-EF42-40A1-9A01-A5FE0201233B}"
EndProject
Global
	GlobalSection(SolutionConfigurationPlatforms) = preSolution
		Debug|Any CPU = Debug|Any CPU
		Debug|Mixed Platforms = Debug|Mixed Platforms
		Debug|x86 = Debug|x86
		Release|Any CPU = Release|Any CPU
		Release|Mixed Platforms = Release|Mixed Platforms
		Release|x86 = Release|x86
	EndGlobalSection
	GlobalSection(ProjectConfigurationPlatforms) = postSolution
		{E564A979-C0DC-4260-B5A2-6AB934D18A19}.Debug|Any CPU.ActiveCfg = Debug|x86
		{E564A979-C0DC-4260-B5A2-6AB934D18A19}.Debug|Mixed Platforms.ActiveCfg = Debug|Any CPU
		{E564A979-C0DC-4260-B5A2-6AB934D18A19}.Debug|Mixed Platforms.Build.0 = Debug|Any CPU
		{E564A979-C0DC-4260-B5A2-6AB934D18A19}.Debug|x86.ActiveCfg = Debug|x86
		{E564A979-C0DC-4260-B5A2-6AB934D18A19}.Debug|x86.Build.0 = Debug|x86
		{E564A979-C0DC-4260-B5A2-6AB934D18A19}.Release|Any CPU.ActiveCfg = Release|x86
		{E564A979-C0DC-4260-B5A2-6AB934D18A19}.Release|Mixed Platforms.ActiveCfg = Release|x86
		{E564A979-C0DC-4260-B5A2-6AB934D18A19}.Release|Mixed Platforms.Build.0 = Release|x86
		{E564A979-C0DC-4260-B5A2-6AB934D18A19}.Release|x86.ActiveCfg = Release|x86
		{E564A979-C0DC-4260-B5A2-6AB934D18A19}.Release|x86.Build.0 = Release|x86
		{8E5BD399-EF42-40A1-9A01-A5FE0201233B}.Debug|Any CPU.ActiveCfg = Debug|Any CPU
		{8E5BD399-EF42-40A1-9A01-A5FE0201233B}.Debug|Any CPU.Build.0 = Debug|Any CPU
		{8E5BD399-EF42-40A1-9A01-A5FE0201233B}.Debug|Mixed Platforms.ActiveCfg = Debug|Any CPU
		{8E5BD399-EF42-40A1-9A01-A5FE0201233B}.Debug|Mixed Platforms.Build.0 = Debug|Any CPU
		{8E5BD399-EF42-40A1-9A01-A5FE0201233B}.Debug|x86.ActiveCfg = Debug|Any CPU
		{8E5BD399-EF42-40A1-9A01-A5FE0201233B}.Release|Any CPU.ActiveCfg = Release|Any CPU
		{8E5BD399-EF42-40A1-9A01-A5FE0201233B}.Release|Any CPU.Build.0 = Release|Any CPU
		{8E5BD399-EF42-40A1-9A01-A5FE0201233B}.Release|Mixed Platforms.ActiveCfg = Release|Any CPU
		{8E5BD399-EF42-40A1-9A01-A5FE0201233B}.Release|Mixed Platforms.Build.0 = Release|Any CPU
		{8E5BD399-EF42-40A1-9A01-A5FE0201233B}.Release|x86.ActiveCfg = Release|Any CPU
	EndGlobalSection
	GlobalSection(SolutionProperties) = preSolution
		HideSolutionNode = FALSE
	EndGlobalSection
EndGlobal
